
Microsoft Visual Studio Solution File, Format Version 12.00
# Visual Studio 15
VisualStudioVersion = 15.0.26730.12
MinimumVisualStudioVersion = 10.0.40219.1
Project("{FAE04EC0-301F-11D3-BF4B-00C04F79EFBC}") = "ChatApp", "ChatApp\ChatApp.csproj", "{D49478EA-924A-4FEC-AD0C-F138F1163F39}"
EndProject
Global
	GlobalSection(SolutionConfigurationPlatforms) = preSolution
		Debug|Any CPU = Debug|Any CPU
		Release|Any CPU = Release|Any CPU
	EndGlobalSection
	GlobalSection(ProjectConfigurationPlatforms) = postSolution
		{D49478EA-924A-4FEC-AD0C-F138F1163F39}.Debug|Any CPU.ActiveCfg = Debug|Any CPU
		{D49478EA-924A-4FEC-AD0C-F138F1163F39}.Debug|Any CPU.Build.0 = Debug|Any CPU
		{D49478EA-924A-4FEC-AD0C-F138F1163F39}.Release|Any CPU.ActiveCfg = Release|Any CPU
		{D49478EA-924A-4FEC-AD0C-F138F1163F39}.Release|Any CPU.Build.0 = Release|Any CPU
	EndGlobalSection
	GlobalSection(SolutionProperties) = preSolution
		HideSolutionNode = FALSE
	EndGlobalSection
	GlobalSection(ExtensibilityGlobals) = postSolution
		SolutionGuid = {1B7E19DC-1A02-4D81-9F75-31A5215D5AF7}
	EndGlobalSection
EndGlobal
